version = 1
revision = 3
requires-python = "==3.12.*"

[[package]]
name = "anyio"
version = "4.14.1"
source = { registry = "https://pypi.org/simple" }
dependencies = [
    { name = "idna" },
    { name = "typing-extensions" },
]
sdist = { url = "https://files.pythonhosted.org/packages/3b/72/5562aabb8dd7181e8e860622a38bea08d17842b99ecd4c91f84ac95251b0/anyio-4.14.1.tar.gz", hash = "sha256:8d648a3544c1a700e3ff78615cd679e4c5c3f149904287e73687b2596963629e", size = 254831, upload-time = "2026-06-24T20:56:06.017Z" }
wheels = [
    { url = "https://files.pythonhosted.org/packages/b0/7b/90df4a0a816d98d6ea26f559d87836d494a2cf1fcf063be67df50a7bcc30/anyio-4.14.1-py3-none-any.whl", hash = "sha256:4e5533c5b8ff0a24f5d7a176cbe6877129cd183893f66b537f8f227d10527d72", size = 124875, upload-time = "2026-06-24T20:56:04.413Z" },
]

[[package]]
name = "asgiref"
version = "3.11.1"
source = { registry = "https://pypi.org/simple" }
sdist = { url = "https://files.pythonhosted.org/packages/63/40/f03da1264ae8f7cfdbf9146542e5e7e8100a4c66ab48e791df9a03d3f6c0/asgiref-3.11.1.tar.gz", hash = "sha256:5f184dc43b7e763efe848065441eac62229c9f7b0475f41f80e207a114eda4ce", size = 38550, upload-time = "2026-02-03T13:30:14.33Z" }
wheels = [
    { url = "https://files.pythonhosted.org/packages/5c/0a/a72d10ed65068e115044937873362e6e32fab1b7dce0046aeb224682c989/asgiref-3.11.1-py3-none-any.whl", hash = "sha256:e8667a091e69529631969fd45dc268fa79b99c92c5fcdda727757e52146ec133", size = 24345, upload-time = "2026-02-03T13:30:13.039Z" },
]

[[package]]
name = "certifi"
version = "2026.6.17"
source = { registry = "https://pypi.org/simple" }
sdist = { url = "https://files.pythonhosted.org/packages/c9/c7/424b75da314c1045981bd9777432fad05a9e0c69daa4ed7e308bbaffe405/certifi-2026.6.17.tar.gz", hash = "sha256:024c88eeec92ca068db80f02b8b07c9cef7b9fe261d1d535abfd5abd6f6af432", size = 134594, upload-time = "2026-06-17T10:31:07.894Z" }
wheels = [
    { url = "https://files.pythonhosted.org/packages/ef/2f/c5464532e965badff2f4c4c1a3a83f5697f0d7c407ed0cda44aaa99bb451/certifi-2026.6.17-py3-none-any.whl", hash = "sha256:2227dcbaafe0d2f59279d1762ddddc37783ed4354594f194ffc31d20f41fc3db", size = 133289, upload-time = "2026-06-17T10:31:06.348Z" },
]

[[package]]
name = "click"
version = "8.4.2"
source = { registry = "https://pypi.org/simple" }
dependencies = [
    { name = "colorama", marker = "sys_platform == 'win32'" },
]
sdist = { url = "https://files.pythonhosted.org/packages/76/d4/81420972a676e8ffea40450d8c8c92943e7218a78fe9b64359836cc9876b/click-8.4.2.tar.gz", hash = "sha256:9a6cea6e60b17ebe0a44c5cc636d94f09bd66142c1cd7d8b4cd731c4917a15f6", size = 338000, upload-time = "2026-06-24T17:45:15.148Z" }
wheels = [
    { url = "https://files.pythonhosted.org/packages/fb/e2/79c688af8b210d232694e31e59da9f6ec747bae31c3f5946e4e9b98860d5/click-8.4.2-py3-none-any.whl", hash = "sha256:e6f9f66136c816745b9d65817da91d61d957fb16e02e4dcd0552553c5a197b76", size = 119243, upload-time = "2026-06-24T17:45:13.73Z" },
]

[[package]]
name = "colorama"
version = "0.4.6"
source = { registry = "https://pypi.org/simple" }
sdist = { url = "https://files.pythonhosted.org/packages/d8/53/6f443c9a4a8358a93a6792e2acffb9d9d5cb0a5cfd8802644b7b1c9a02e4/colorama-0.4.6.tar.gz", hash = "sha256:08695f5cb7ed6e0531a20572697297273c47b8cae5a63ffc6d6ed5c201be6e44", size = 27697, upload-time = "2022-10-25T02:36:22.414Z" }
wheels = [
    { url = "https://files.pythonhosted.org/packages/d1/d6/3965ed04c63042e047cb6a3e6ed1a63a35087b6a609aa3a15ed8ac56c221/colorama-0.4.6-py2.py3-none-any.whl", hash = "sha256:4f1d9991f5acc0ca119f9d443620b77f9d6b33703e51011c16baf57afb285fc6", size = 25335, upload-time = "2022-10-25T02:36:20.889Z" },
]

[[package]]
name = "django"
version = "5.2.16"
source = { registry = "https://pypi.org/simple" }
dependencies = [
    { name = "asgiref" },
    { name = "sqlparse" },
    { name = "tzdata", marker = "sys_platform == 'win32'" },
]
sdist = { url = "https://files.pythonhosted.org/packages/a9/26/889449d521ae508b26de715954faecd8bcf3f740affb81b2d146a83b42a5/django-5.2.16.tar.gz", hash = "sha256:59ea02020c3136fce14bef0bbece21a10a4febef5eed1c51c22ae468efa22200", size = 10890894, upload-time = "2026-07-07T13:52:17.005Z" }
wheels = [
    { url = "https://files.pythonhosted.org/packages/4e/13/1e5e3e4c15dcecb04281b3cb2a46a4670e1cef131068e202f6040df19224/django-5.2.16-py3-none-any.whl", hash = "sha256:04f354bf9d807a86ad1a8392fe3808d362358a8eafc322848e0e43e59b24371d", size = 8311943, upload-time = "2026-07-07T13:52:11.223Z" },
]

[[package]]
name = "h11"
version = "0.16.0"
source = { registry = "https://pypi.org/simple" }
sdist = { url = "https://files.pythonhosted.org/packages/01/ee/02a2c011bdab74c6fb3c75474d40b3052059d95df7e73351460c8588d963/h11-0.16.0.tar.gz", hash = "sha256:4e35b956cf45792e4caa5885e69fba00bdbc6ffafbfa020300e549b208ee5ff1", size = 101250, upload-time = "2025-04-24T03:35:25.427Z" }
wheels = [
    { url = "https://files.pythonhosted.org/packages/04/4b/29cac41a4d98d144bf5f6d33995617b185d14b22401f75ca86f384e87ff1/h11-0.16.0-py3-none-any.whl", hash = "sha256:63cf8bbe7522de3bf65932fda1d9c2772064ffb3dae62d55932da54b31cb6c86", size = 37515, upload-time = "2025-04-24T03:35:24.344Z" },
]

[[package]]
name = "httpcore"
version = "1.0.9"
source = { registry = "https://pypi.org/simple" }
dependencies = [
    { name = "certifi" },
    { name = "h11" },
]
sdist = { url = "https://files.pythonhosted.org/packages/06/94/82699a10bca87a5556c9c59b5963f2d039dbd239f25bc2a63907a05a14cb/httpcore-1.0.9.tar.gz", hash = "sha256:6e34463af53fd2ab5d807f399a9b45ea31c3dfa2276f15a2c3f00afff6e176e8", size = 85484, upload-time = "2025-04-24T22:06:22.219Z" }
wheels = [
    { url = "https://files.pythonhosted.org/packages/7e/f5/f66802a942d491edb555dd61e3a9961140fd64c90bce1eafd741609d334d/httpcore-1.0.9-py3-none-any.whl", hash = "sha256:2d400746a40668fc9dec9810239072b40b4484b640a8c38fd654a024c7a1bf55", size = 78784, upload-time = "2025-04-24T22:06:20.566Z" },
]

[[package]]
name = "httpx"
version = "0.28.1"
source = { registry = "https://pypi.org/simple" }
dependencies = [
    { name = "anyio" },
    { name = "certifi" },
    { name = "httpcore" },
    { name = "idna" },
]
sdist = { url = "https://files.pythonhosted.org/packages/b1/df/48c586a5fe32a0f01324ee087459e112ebb7224f646c0b5023f5e79e9956/httpx-0.28.1.tar.gz", hash = "sha256:75e98c5f16b0f35b567856f597f06ff2270a374470a5c2392242528e3e3e42fc", size = 141406, upload-time = "2024-12-06T15:37:23.222Z" }
wheels = [
    { url = "https://files.pythonhosted.org/packages/2a/39/e50c7c3a983047577ee07d2a9e53faf5a69493943ec3f6a384bdc792deb2/httpx-0.28.1-py3-none-any.whl", hash = "sha256:d909fcccc110f8c7faf814ca82a9a4d816bc5a6dbfea25d6591d6985b8ba59ad", size = 73517, upload-time = "2024-12-06T15:37:21.509Z" },
]

[[package]]
name = "idna"
version = "3.18"
source = { registry = "https://pypi.org/simple" }
sdist = { url = "https://files.pythonhosted.org/packages/cd/63/9496c57188a2ee585e0f1db071d75089a11e98aa86eb99d9d7618fc1edce/idna-3.18.tar.gz", hash = "sha256:ffb385a7e039654cef1ab9ef32c6fafe283c0c0467bba1d9029738ce4a14a848", size = 196711, upload-time = "2026-06-02T14:34:07.794Z" }
wheels = [
    { url = "https://files.pythonhosted.org/packages/1e/5e/d4e9f1a599fb8e573b7b87160658329fbf28d19eac2718f51fc3def3aa5a/idna-3.18-py3-none-any.whl", hash = "sha256:7f952cbe720b688055e3f87de14f5c3e5fdaa8bc3928985c4077ca689de849a2", size = 65455, upload-time = "2026-06-02T14:34:06.319Z" },
]

[[package]]
name = "lxml"
version = "6.0.4"
source = { registry = "https://pypi.org/simple" }
sdist = { url = "https://files.pythonhosted.org/packages/ce/08/1217ca4043f55c3c92993b283a7dbfa456a2058d8b57bbb416cc96b6efff/lxml-6.0.4.tar.gz", hash = "sha256:4137516be2a90775f99d8ef80ec0283f8d78b5d8bd4630ff20163b72e7e9abf2", size = 4237780, upload-time = "2026-04-12T16:28:24.182Z" }
wheels = [
    { url = "https://files.pythonhosted.org/packages/3d/18/4732abab49bbb041b1ded9dd913ca89735a0dcca038eacec64c44ba02163/lxml-6.0.4-cp312-cp312-macosx_10_13_universal2.whl", hash = "sha256:af0b8459c4e21a8417db967b2e453d1855022dac79c79b61fb8214f3da50f17e", size = 8570033, upload-time = "2026-04-12T16:24:10.728Z" },
    { url = "https://files.pythonhosted.org/packages/72/7e/38523ec7178ca35376551911455d1b2766bc9d98bcc18f606a167fa9ecbb/lxml-6.0.4-cp312-cp312-macosx_10_13_x86_64.whl", hash = "sha256:e0cdcea2affa53fa17dc4bf5cefc0edf72583eac987d669493a019998a623fa3", size = 4623270, upload-time = "2026-04-12T16:24:13.2Z" },
    { url = "https://files.pythonhosted.org/packages/f1/cf/f9b6c9bf9d8c63d923ef893915141767cea4cea71774f20c36d0c14e1585/lxml-6.0.4-cp312-cp312-manylinux2014_aarch64.manylinux_2_17_aarch64.whl", hash = "sha256:8da4d4840c1bc07da6fcd647784f7fbaf538eeb7a57ce6b2487acc54c5e33330", size = 4929471, upload-time = "2026-04-12T16:24:15.453Z" },
    { url = "https://files.pythonhosted.org/packages/e5/53/3117f988c9e20be4156d2b8e1bda82ae06878d11aeb820dea111a7cfa4e3/lxml-6.0.4-cp312-cp312-manylinux2014_x86_64.manylinux_2_17_x86_64.whl", hash = "sha256:fb04a997588c3980894ded9172c10c5a3e45d3f1c5410472733626d268683806", size = 5092355, upload-time = "2026-04-12T16:24:17.876Z" },
    { url = "https://files.pythonhosted.org/packages/4e/ca/05c6ac773a2bd3edb48fa8a5c5101e927ce044c4a8aed1a85ff00fab20a5/lxml-6.0.4-cp312-cp312-manylinux_2_26_aarch64.manylinux_2_28_aarch64.whl", hash = "sha256:ca449642a08a6ceddf6e6775b874b6aee1b6242ed80aea84124497aba28e5384", size = 5004520, upload-time = "2026-04-12T16:24:20.184Z" },
    { url = "https://files.pythonhosted.org/packages/f1/db/d8aa5aa3a51d0aa6706ef85f85027f7c972cd840fe69ba058ecaf32d093d/lxml-6.0.4-cp312-cp312-manylinux_2_26_ppc64le.manylinux_2_28_ppc64le.whl", hash = "sha256:35b3ccdd137e62033662787dd4d2b8be900c686325d6b91e3b1ff6213d05ba11", size = 5629961, upload-time = "2026-04-12T16:24:22.242Z" },
    { url = "https://files.pythonhosted.org/packages/9d/75/8fff4444e0493aeb15ab0f4a55c767b5baed9074cf67a1835dc1161f3a1f/lxml-6.0.4-cp312-cp312-manylinux_2_26_x86_64.manylinux_2_28_x86_64.whl", hash = "sha256:45dc690c54b1341fec01743caed02e5f1ea49d7cfb81e3ba48903e5e844ed68a", size = 5237561, upload-time = "2026-04-12T16:24:24.572Z" },
    { url = "https://files.pythonhosted.org/packages/2a/9f/6d6cd73014f2dbf47a8aa7accd9712726f46ef4891e1c126bc285cfb94e4/lxml-6.0.4-cp312-cp312-manylinux_2_28_i686.whl", hash = "sha256:15ae922e8f74b05798a0e88cee46c0244aaec6a66b5e00be7d18648fed8c432e", size = 5349197, upload-time = "2026-04-12T16:24:26.805Z" },
    { url = "https://files.pythonhosted.org/packages/2d/43/e3e9a126e166234d1659d1dd9004dc1dd50cdc3c68575b071b0a1524b4de/lxml-6.0.4-cp312-cp312-manylinux_2_31_armv7l.whl", hash = "sha256:ebd816653707fbf10c65e3dee3bc24dac6b691654c21533b1ae49287433f4db0", size = 4693123, upload-time = "2026-04-12T16:24:28.812Z" },
    { url = "https://files.pythonhosted.org/packages/6c/98/b146dd123a4a7b69b571ff23ea8e8c68de8d8c1b03e23d01c6374d4fd835/lxml-6.0.4-cp312-cp312-manylinux_2_38_riscv64.manylinux_2_39_riscv64.whl", hash = "sha256:21284cf36b95dd8be774eb06c304b440cf49ee811800a30080ce6d93700f0383", size = 5242967, upload-time = "2026-04-12T16:24:30.811Z" },
    { url = "https://files.pythonhosted.org/packages/7e/60/8c275584452b55a902c883e8ab63d755c5ef35d7ad1f06f9e6559095521d/lxml-6.0.4-cp312-cp312-musllinux_1_2_aarch64.whl", hash = "sha256:0c08a2a9d0c4028ef5fc5a513b2e1e51af069a83c5b4206139edd08b3b8c2926", size = 5046810, upload-time = "2026-04-12T16:24:33.289Z" },
    { url = "https://files.pythonhosted.org/packages/19/aa/19ec216147e1105e5403fe73657c693a6e91bde855a13242dd6031e829e5/lxml-6.0.4-cp312-cp312-musllinux_1_2_armv7l.whl", hash = "sha256:1bc2f0f417112cf1a428599dd58125ab74d8e1c66893efd9b907cbb4a5db6e44", size = 4776383, upload-time = "2026-04-12T16:24:36.008Z" },
    { url = "https://files.pythonhosted.org/packages/41/c8/90afdb838705a736268fcffd2698c05e9a129144ce215d5e14db3bdfc295/lxml-6.0.4-cp312-cp312-musllinux_1_2_ppc64le.whl", hash = "sha256:c0d86e328405529bc93913add9ff377e8b8ea9be878e611f19dbac7766a84483", size = 5643497, upload-time = "2026-04-12T16:24:38.276Z" },
    { url = "https://files.pythonhosted.org/packages/32/ec/1135261ec9822dafb90be0ff6fb0ec79cee0b7fe878833dfe5f2b8c393bd/lxml-6.0.4-cp312-cp312-musllinux_1_2_riscv64.whl", hash = "sha256:3cce9420fe8f91eae5d457582599d282195c958cb670aa4bea313a79103ba33f", size = 5232185, upload-time = "2026-04-12T16:24:40.516Z" },
    { url = "https://files.pythonhosted.org/packages/13/f2/7380b11cae6943720f525e5a28ad9dbead96ac710417e556b7c03f3a8af3/lxml-6.0.4-cp312-cp312-musllinux_1_2_x86_64.whl", hash = "sha256:96214985ec194ce97b9028414e179cfb21230cba4e2413aee7e249461bb84f4d", size = 5259968, upload-time = "2026-04-12T16:24:42.917Z" },
    { url = "https://files.pythonhosted.org/packages/65/8f/141734f2c456f2253fed4237d8d4b241e3d701129cf6f0b135ccf241a75a/lxml-6.0.4-cp312-cp312-win32.whl", hash = "sha256:b2209b310e7ed1d4cd1c00d405ec9c49722fce731c7036abc1d876bf8df78139", size = 3594958, upload-time = "2026-04-12T16:24:45.039Z" },
    { url = "https://files.pythonhosted.org/packages/b7/a9/c6d3531c6d8814af0919fbdb9bda43c9e8b5deffcb70c8534017db233512/lxml-6.0.4-cp312-cp312-win_amd64.whl", hash = "sha256:03affcacfba4671ebc305813b02bfaf34d80b6a7c5b23eafc5d6da14a1a6e623", size = 3995897, upload-time = "2026-04-12T16:24:46.98Z" },
    { url = "https://files.pythonhosted.org/packages/03/5d/1dabeddf762e5a315a31775b2bca39811d7e7a15fc3e677d044b9da973fe/lxml-6.0.4-cp312-cp312-win_arm64.whl", hash = "sha256:af9678e3a2a047465515d95a61690109af7a4c9486f708249119adcef7861049", size = 3658607, upload-time = "2026-04-12T16:24:49.19Z" },
]

[[package]]
name = "python-dotenv"
version = "1.1.1"
source = { registry = "https://pypi.org/simple" }
sdist = { url = "https://files.pythonhosted.org/packages/f6/b0/4bc07ccd3572a2f9df7e6782f52b0c6c90dcbb803ac4a167702d7d0dfe1e/python_dotenv-1.1.1.tar.gz", hash = "sha256:a8a6399716257f45be6a007360200409fce5cda2661e3dec71d23dc15f6189ab", size = 41978, upload-time = "2025-06-24T04:21:07.341Z" }
wheels = [
    { url = "https://files.pythonhosted.org/packages/5f/ed/539768cf28c661b5b068d66d96a2f155c4971a5d55684a514c1a0e0dec2f/python_dotenv-1.1.1-py3-none-any.whl", hash = "sha256:31f23644fe2602f88ff55e1f5c79ba497e01224ee7737937930c448e4d0e24dc", size = 20556, upload-time = "2025-06-24T04:21:06.073Z" },
]

[[package]]
name = "redis"
version = "5.0.8"
source = { registry = "https://pypi.org/simple" }
sdist = { url = "https://files.pythonhosted.org/packages/48/10/defc227d65ea9c2ff5244645870859865cba34da7373477c8376629746ec/redis-5.0.8.tar.gz", hash = "sha256:0c5b10d387568dfe0698c6fad6615750c24170e548ca2deac10c649d463e9870", size = 4595651, upload-time = "2024-07-30T14:11:52.137Z" }
wheels = [
    { url = "https://files.pythonhosted.org/packages/c5/d1/19a9c76811757684a0f74adc25765c8a901d67f9f6472ac9d57c844a23c8/redis-5.0.8-py3-none-any.whl", hash = "sha256:56134ee08ea909106090934adc36f65c9bcbbaecea5b21ba704ba6fb561f8eb4", size = 255608, upload-time = "2024-07-30T14:11:49.541Z" },
]

[[package]]
name = "rq"
version = "1.16.2"
source = { registry = "https://pypi.org/simple" }
dependencies = [
    { name = "click" },
    { name = "redis" },
]
sdist = { url = "https://files.pythonhosted.org/packages/c5/1d/a020e8f3559293635dd6283d037bfc15f866136498da3db1e5416c65773d/rq-1.16.2.tar.gz", hash = "sha256:5c5b9ad5fbaf792b8fada25cc7627f4d206a9a4455aced371d4f501cc3f13b34", size = 629881, upload-time = "2024-05-01T07:13:14.136Z" }
wheels = [
    { url = "https://files.pythonhosted.org/packages/46/35/db396caf7cfe71a9e661cea520b276f1472df25015e7cb9143c65a1dca6d/rq-1.16.2-py3-none-any.whl", hash = "sha256:52e619f6cb469b00e04da74305045d244b75fecb2ecaa4f26422add57d3c5f09", size = 90911, upload-time = "2024-05-01T07:13:11.158Z" },
]

[[package]]
name = "sqlparse"
version = "0.5.5"
source = { registry = "https://pypi.org/simple" }
sdist = { url = "https://files.pythonhosted.org/packages/90/76/437d71068094df0726366574cf3432a4ed754217b436eb7429415cf2d480/sqlparse-0.5.5.tar.gz", hash = "sha256:e20d4a9b0b8585fdf63b10d30066c7c94c5d7a7ec47c889a2d83a3caa93ff28e", size = 120815, upload-time = "2025-12-19T07:17:45.073Z" }
wheels = [
    { url = "https://files.pythonhosted.org/packages/49/4b/359f28a903c13438ef59ebeee215fb25da53066db67b305c125f1c6d2a25/sqlparse-0.5.5-py3-none-any.whl", hash = "sha256:12a08b3bf3eec877c519589833aed092e2444e68240a3577e8e26148acc7b1ba", size = 46138, upload-time = "2025-12-19T07:17:46.573Z" },
]

[[package]]
name = "typing-extensions"
version = "4.16.0"
source = { registry = "https://pypi.org/simple" }
sdist = { url = "https://files.pythonhosted.org/packages/f6/cc/6253133b5bb138fc3306cebfbda2c520f545d36b5be2c7255cc528bb45d6/typing_extensions-4.16.0.tar.gz", hash = "sha256:dc983d19a509c94dba722ee6abd33940f7c05a89e243c47e907eb4db6f1a43e5", size = 113555, upload-time = "2026-07-02T08:40:05.92Z" }
wheels = [
    { url = "https://files.pythonhosted.org/packages/49/d3/b8441a820a491ddfc024b0b0cf0393375b75ea13866d9c66727e54c2fc80/typing_extensions-4.16.0-py3-none-any.whl", hash = "sha256:481caa481374e813c1b176ada14e97f1f67a4539ce9cfeb3f350d78d6370c2e8", size = 45571, upload-time = "2026-07-02T08:40:04.659Z" },
]

[[package]]
name = "tzdata"
version = "2026.2"
source = { registry = "https://pypi.org/simple" }
sdist = { url = "https://files.pythonhosted.org/packages/ba/19/1b9b0e29f30c6d35cb345486df41110984ea67ae69dddbc0e8a100999493/tzdata-2026.2.tar.gz", hash = "sha256:9173fde7d80d9018e02a662e168e5a2d04f87c41ea174b139fbef642eda62d10", size = 198254, upload-time = "2026-04-24T15:22:08.651Z" }
wheels = [
    { url = "https://files.pythonhosted.org/packages/ce/e4/dccd7f47c4b64213ac01ef921a1337ee6e30e8c6466046018326977efd95/tzdata-2026.2-py2.py3-none-any.whl", hash = "sha256:bbe9af844f658da81a5f95019480da3a89415801f6cc966806612cc7169bffe7", size = 349321, upload-time = "2026-04-24T15:22:05.876Z" },
]

[[package]]
name = "usep-indexer-project"
version = "0.1.0"
source = { virtual = "." }
dependencies = [
    { name = "django" },
    { name = "httpx" },
    { name = "lxml" },
    { name = "python-dotenv" },
    { name = "redis" },
    { name = "rq" },
]

[package.metadata]
requires-dist = [
    { name = "django", specifier = "~=5.2.0" },
    { name = "httpx", specifier = "~=0.28.0" },
    { name = "lxml", specifier = "~=6.0.0" },
    { name = "python-dotenv", specifier = "~=1.1.0" },
    { name = "redis", specifier = "~=5.0.0" },
    { name = "rq", specifier = "==1.16.2" },
]

[package.metadata.requires-dev]
ci-tests = []
local = []
prod = []
staging = []
